// !$*UTF8*$!
{
	archiveVersion = 1;
	classes = {
	};
	objectVersion = 77;
	objects = {

/* Begin PBXBuildFile section */
		A10000010000000000000001 /* IkeruCore in Frameworks */ = {isa = PBXBuildFile; productRef = A20000010000000000000001 /* IkeruCore */; };
		A10000010000000000000002 /* IkeruCore in Frameworks */ = {isa = PBXBuildFile; productRef = A20000010000000000000002 /* IkeruCore */; };
		A10000010000000000000003 /* IkeruCore in Frameworks */ = {isa = PBXBuildFile; productRef = A20000010000000000000003 /* IkeruCore */; };
		A10000010000000000000004 /* WidgetKit.framework in Frameworks */ = {isa = PBXBuildFile; fileRef = A30000010000000000000004 /* WidgetKit.framework */; };
		A10000010000000000000005 /* SwiftUI.framework in Frameworks */ = {isa = PBXBuildFile; fileRef = A30000010000000000000005 /* SwiftUI.framework */; };
		A10000010000000000000010 /* IkeruWidget.appex in Embed Extensions */ = {isa = PBXBuildFile; fileRef = C30000010000000000000003 /* IkeruWidget.appex */; settings = {ATTRIBUTES = (RemoveHeadersOnCopy, ); }; };
/* End PBXBuildFile section */

/* Begin PBXContainerItemProxy section */
		D10000010000000000000001 /* PBXContainerItemProxy */ = {
			isa = PBXContainerItemProxy;
			containerPortal = E10000010000000000000001 /* Project object */;
			proxyType = 1;
			remoteGlobalIDString = C30000010000000000000003;
			remoteInfo = IkeruWidget;
		};
		D10000010000000000000002 /* PBXContainerItemProxy */ = {
			isa = PBXContainerItemProxy;
			containerPortal = E10000010000000000000001 /* Project object */;
			proxyType = 1;
			remoteGlobalIDString = T10000010000000000000001;
			remoteInfo = Ikeru;
		};
/* End PBXContainerItemProxy section */

/* Begin PBXCopyFilesBuildPhase section */
		F10000010000000000000001 /* Embed Extensions */ = {
			isa = PBXCopyFilesBuildPhase;
			buildActionMask = 2147483647;
			dstPath = "";
			dstSubfolderSpec = 13;
			files = (
				A10000010000000000000010 /* IkeruWidget.appex in Embed Extensions */,
			);
			name = "Embed Extensions";
			runOnlyForDeploymentPostprocessing = 0;
		};
/* End PBXCopyFilesBuildPhase section */

/* Begin PBXFileReference section */
		A30000010000000000000004 /* WidgetKit.framework */ = {isa = PBXFileReference; lastKnownFileType = wrapper.framework; name = WidgetKit.framework; path = System/Library/Frameworks/WidgetKit.framework; sourceTree = SDKROOT; };
		A30000010000000000000005 /* SwiftUI.framework */ = {isa = PBXFileReference; lastKnownFileType = wrapper.framework; name = SwiftUI.framework; path = System/Library/Frameworks/SwiftUI.framework; sourceTree = SDKROOT; };
		C30000010000000000000001 /* Ikeru.app */ = {isa = PBXFileReference; explicitFileType = wrapper.application; includeInIndex = 0; path = Ikeru.app; sourceTree = BUILT_PRODUCTS_DIR; };
		C30000010000000000000002 /* IkeruWatch.app */ = {isa = PBXFileReference; explicitFileType = wrapper.application; includeInIndex = 0; path = IkeruWatch.app; sourceTree = BUILT_PRODUCTS_DIR; };
		C30000010000000000000003 /* IkeruWidget.appex */ = {isa = PBXFileReference; explicitFileType = "wrapper.app-extension"; includeInIndex = 0; path = IkeruWidget.appex; sourceTree = BUILT_PRODUCTS_DIR; };
		C30000010000000000000004 /* IkeruTests.xctest */ = {isa = PBXFileReference; explicitFileType = wrapper.cfbundle; includeInIndex = 0; path = IkeruTests.xctest; sourceTree = BUILT_PRODUCTS_DIR; };
/* End PBXFileReference section */

/* Begin PBXFileSystemSynchronizedBuildFileExceptionSet section */
		EX000001000000000000001 /* Exceptions for "Ikeru" folder in "Ikeru" target */ = {
			isa = PBXFileSystemSynchronizedBuildFileExceptionSet;
			membershipExceptions = (
				Info.plist,
			);
			target = T10000010000000000000001 /* Ikeru */;
		};
/* End PBXFileSystemSynchronizedBuildFileExceptionSet section */

/* Begin PBXFileSystemSynchronizedRootGroup section */
		FS000001000000000000001 /* Ikeru */ = {
			isa = PBXFileSystemSynchronizedRootGroup;
			exceptions = (
				EX000001000000000000001 /* Exceptions for "Ikeru" folder in "Ikeru" target */,
			);
			path = Ikeru;
			sourceTree = "<group>";
		};
		FS000001000000000000002 /* IkeruWatch */ = {
			isa = PBXFileSystemSynchronizedRootGroup;
			path = IkeruWatch;
			sourceTree = "<group>";
		};
		FS000001000000000000003 /* IkeruWidget */ = {
			isa = PBXFileSystemSynchronizedRootGroup;
			path = IkeruWidget;
			sourceTree = "<group>";
		};
		FS000001000000000000004 /* IkeruTests */ = {
			isa = PBXFileSystemSynchronizedRootGroup;
			path = IkeruTests;
			sourceTree = "<group>";
		};
/* End PBXFileSystemSynchronizedRootGroup section */

/* Begin PBXFrameworksBuildPhase section */
		F20000010000000000000001 /* Frameworks */ = {
			isa = PBXFrameworksBuildPhase;
			buildActionMask = 2147483647;
			files = (
				A10000010000000000000001 /* IkeruCore in Frameworks */,
			);
			runOnlyForDeploymentPostprocessing = 0;
		};
		F20000010000000000000002 /* Frameworks */ = {
			isa = PBXFrameworksBuildPhase;
			buildActionMask = 2147483647;
			files = (
				A10000010000000000000002 /* IkeruCore in Frameworks */,
			);
			runOnlyForDeploymentPostprocessing = 0;
		};
		F20000010000000000000003 /* Frameworks */ = {
			isa = PBXFrameworksBuildPhase;
			buildActionMask = 2147483647;
			files = (
				A10000010000000000000004 /* WidgetKit.framework in Frameworks */,
				A10000010000000000000005 /* SwiftUI.framework in Frameworks */,
				A10000010000000000000003 /* IkeruCore in Frameworks */,
			);
			runOnlyForDeploymentPostprocessing = 0;
		};
		F20000010000000000000004 /* Frameworks */ = {
			isa = PBXFrameworksBuildPhase;
			buildActionMask = 2147483647;
			files = (
			);
			runOnlyForDeploymentPostprocessing = 0;
		};
/* End PBXFrameworksBuildPhase section */

/* Begin PBXGroup section */
		G10000010000000000000001 /* Root */ = {
			isa = PBXGroup;
			children = (
				FS000001000000000000001 /* Ikeru */,
				FS000001000000000000002 /* IkeruWatch */,
				FS000001000000000000003 /* IkeruWidget */,
				FS000001000000000000004 /* IkeruTests */,
				G10000010000000000000014 /* Frameworks */,
				G10000010000000000000015 /* Products */,
			);
			sourceTree = "<group>";
		};
		G10000010000000000000014 /* Frameworks */ = {
			isa = PBXGroup;
			children = (
				A30000010000000000000004 /* WidgetKit.framework */,
				A30000010000000000000005 /* SwiftUI.framework */,
			);
			name = Frameworks;
			sourceTree = "<group>";
		};
		G10000010000000000000015 /* Products */ = {
			isa = PBXGroup;
			children = (
				C30000010000000000000001 /* Ikeru.app */,
				C30000010000000000000002 /* IkeruWatch.app */,
				C30000010000000000000003 /* IkeruWidget.appex */,
				C30000010000000000000004 /* IkeruTests.xctest */,
			);
			name = Products;
			sourceTree = "<group>";
		};
/* End PBXGroup section */

/* Begin PBXNativeTarget section */
		T10000010000000000000001 /* Ikeru */ = {
			isa = PBXNativeTarget;
			buildConfigurationList = BC0000010000000000000001 /* Build configuration list for PBXNativeTarget "Ikeru" */;
			buildPhases = (
				S10000010000000000000001 /* Sources */,
				F20000010000000000000001 /* Frameworks */,
				R10000010000000000000001 /* Resources */,
				F10000010000000000000001 /* Embed Extensions */,
			);
			buildRules = (
			);
			dependencies = (
				D20000010000000000000001 /* PBXTargetDependency */,
			);
			fileSystemSynchronizedGroups = (
				FS000001000000000000001 /* Ikeru */,
			);
			name = Ikeru;
			packageProductDependencies = (
				A20000010000000000000001 /* IkeruCore */,
			);
			productName = Ikeru;
			productReference = C30000010000000000000001 /* Ikeru.app */;
			productType = "com.apple.product-type.application";
		};
		T10000010000000000000002 /* IkeruWatch */ = {
			isa = PBXNativeTarget;
			buildConfigurationList = BC0000010000000000000002 /* Build configuration list for PBXNativeTarget "IkeruWatch" */;
			buildPhases = (
				S10000010000000000000002 /* Sources */,
				F20000010000000000000002 /* Frameworks */,
			);
			buildRules = (
			);
			dependencies = (
			);
			fileSystemSynchronizedGroups = (
				FS000001000000000000002 /* IkeruWatch */,
			);
			name = IkeruWatch;
			packageProductDependencies = (
				A20000010000000000000002 /* IkeruCore */,
			);
			productName = IkeruWatch;
			productReference = C30000010000000000000002 /* IkeruWatch.app */;
			productType = "com.apple.product-type.application";
		};
		T10000010000000000000003 /* IkeruWidget */ = {
			isa = PBXNativeTarget;
			buildConfigurationList = BC0000010000000000000003 /* Build configuration list for PBXNativeTarget "IkeruWidget" */;
			buildPhases = (
				S10000010000000000000003 /* Sources */,
				F20000010000000000000003 /* Frameworks */,
			);
			buildRules = (
			);
			dependencies = (
			);
			fileSystemSynchronizedGroups = (
				FS000001000000000000003 /* IkeruWidget */,
			);
			name = IkeruWidget;
			packageProductDependencies = (
				A20000010000000000000003 /* IkeruCore */,
			);
			productName = IkeruWidget;
			productReference = C30000010000000000000003 /* IkeruWidget.appex */;
			productType = "com.apple.product-type.app-extension";
		};
		T10000010000000000000004 /* IkeruTests */ = {
			isa = PBXNativeTarget;
			buildConfigurationList = BC0000010000000000000005 /* Build configuration list for PBXNativeTarget "IkeruTests" */;
			buildPhases = (
				S10000010000000000000004 /* Sources */,
				F20000010000000000000004 /* Frameworks */,
			);
			buildRules = (
			);
			dependencies = (
				D20000010000000000000002 /* PBXTargetDependency */,
			);
			fileSystemSynchronizedGroups = (
				FS000001000000000000004 /* IkeruTests */,
			);
			name = IkeruTests;
			productName = IkeruTests;
			productReference = C30000010000000000000004 /* IkeruTests.xctest */;
			productType = "com.apple.product-type.bundle.unit-test";
		};
/* End PBXNativeTarget section */

/* Begin PBXProject section */
		E10000010000000000000001 /* Project object */ = {
			isa = PBXProject;
			attributes = {
				BuildIndependentTargetsInParallel = 1;
				LastSwiftUpdateCheck = 1600;
				LastUpgradeCheck = 1600;
				TargetAttributes = {
					T10000010000000000000001 = {
						CreatedOnToolsVersion = 16.0;
					};
					T10000010000000000000002 = {
						CreatedOnToolsVersion = 16.0;
					};
					T10000010000000000000003 = {
						CreatedOnToolsVersion = 16.0;
					};
					T10000010000000000000004 = {
						CreatedOnToolsVersion = 16.0;
						TestTargetID = T10000010000000000000001;
					};
				};
			};
			buildConfigurationList = BC0000010000000000000004 /* Build configuration list for PBXProject "Ikeru" */;
			developmentRegion = en;
			hasScannedForEncodings = 0;
			knownRegions = (
				en,
				Base,
				ja,
			);
			mainGroup = G10000010000000000000001 /* Root */;
			minimizedProjectReferenceProxies = 1;
			packageReferences = (
				PR0000010000000000000001 /* XCLocalSwiftPackageReference "IkeruCore" */,
			);
			preferredProjectObjectVersion = 77;
			productRefGroup = G10000010000000000000015 /* Products */;
			projectDirPath = "";
			projectRoot = "";
			targets = (
				T10000010000000000000001 /* Ikeru */,
				T10000010000000000000002 /* IkeruWatch */,
				T10000010000000000000003 /* IkeruWidget */,
				T10000010000000000000004 /* IkeruTests */,
			);
		};
/* End PBXProject section */

/* Begin PBXResourcesBuildPhase section */
		R10000010000000000000001 /* Resources */ = {
			isa = PBXResourcesBuildPhase;
			buildActionMask = 2147483647;
			files = (
			);
			runOnlyForDeploymentPostprocessing = 0;
		};
/* End PBXResourcesBuildPhase section */

/* Begin PBXSourcesBuildPhase section */
		S10000010000000000000001 /* Sources */ = {
			isa = PBXSourcesBuildPhase;
			buildActionMask = 2147483647;
			files = (
			);
			runOnlyForDeploymentPostprocessing = 0;
		};
		S10000010000000000000002 /* Sources */ = {
			isa = PBXSourcesBuildPhase;
			buildActionMask = 2147483647;
			files = (
			);
			runOnlyForDeploymentPostprocessing = 0;
		};
		S10000010000000000000003 /* Sources */ = {
			isa = PBXSourcesBuildPhase;
			buildActionMask = 2147483647;
			files = (
			);
			runOnlyForDeploymentPostprocessing = 0;
		};
		S10000010000000000000004 /* Sources */ = {
			isa = PBXSourcesBuildPhase;
			buildActionMask = 2147483647;
			files = (
			);
			runOnlyForDeploymentPostprocessing = 0;
		};
/* End PBXSourcesBuildPhase section */

/* Begin PBXTargetDependency section */
		D20000010000000000000001 /* PBXTargetDependency */ = {
			isa = PBXTargetDependency;
			target = T10000010000000000000003 /* IkeruWidget */;
			targetProxy = D10000010000000000000001 /* PBXContainerItemProxy */;
		};
		D20000010000000000000002 /* PBXTargetDependency */ = {
			isa = PBXTargetDependency;
			target = T10000010000000000000001 /* Ikeru */;
			targetProxy = D10000010000000000000002 /* PBXContainerItemProxy */;
		};
/* End PBXTargetDependency section */

/* Begin XCBuildConfiguration section */
		/* Debug - Ikeru iOS App */
		X10000010000000000000001 /* Debug */ = {
			isa = XCBuildConfiguration;
			buildSettings = {
				ASSETCATALOG_COMPILER_APPICON_NAME = AppIcon;
				CODE_SIGN_ENTITLEMENTS = Ikeru/Ikeru.entitlements;
				CODE_SIGN_STYLE = Automatic;
				CURRENT_PROJECT_VERSION = 1;
				GENERATE_INFOPLIST_FILE = YES;
				INFOPLIST_FILE = Ikeru/Info.plist;
				INFOPLIST_KEY_UIApplicationSceneManifest_Generation = YES;
				INFOPLIST_KEY_UIApplicationSupportsIndirectInputEvents = YES;
				INFOPLIST_KEY_UILaunchScreen_Generation = YES;
				INFOPLIST_KEY_UISupportedInterfaceOrientations_iPhone = "UIInterfaceOrientationPortrait";
				INFOPLIST_KEY_UIUserInterfaceStyle = Dark;
				IPHONEOS_DEPLOYMENT_TARGET = 17.0;
				LD_RUNPATH_SEARCH_PATHS = (
					"$(inherited)",
					"@executable_path/Frameworks",
				);
				MARKETING_VERSION = 1.0;
				PRODUCT_BUNDLE_IDENTIFIER = com.ikeru.app;
				PRODUCT_NAME = "$(TARGET_NAME)";
				SWIFT_EMIT_LOC_STRINGS = YES;
				SWIFT_VERSION = 6.0;
				TARGETED_DEVICE_FAMILY = "1";
			};
			name = Debug;
		};
		/* Release - Ikeru iOS App */
		X10000010000000000000002 /* Release */ = {
			isa = XCBuildConfiguration;
			buildSettings = {
				ASSETCATALOG_COMPILER_APPICON_NAME = AppIcon;
				CODE_SIGN_ENTITLEMENTS = Ikeru/Ikeru.entitlements;
				CODE_SIGN_STYLE = Automatic;
				CURRENT_PROJECT_VERSION = 1;
				GENERATE_INFOPLIST_FILE = YES;
				INFOPLIST_FILE = Ikeru/Info.plist;
				INFOPLIST_KEY_UIApplicationSceneManifest_Generation = YES;
				INFOPLIST_KEY_UIApplicationSupportsIndirectInputEvents = YES;
				INFOPLIST_KEY_UILaunchScreen_Generation = YES;
				INFOPLIST_KEY_UISupportedInterfaceOrientations_iPhone = "UIInterfaceOrientationPortrait";
				INFOPLIST_KEY_UIUserInterfaceStyle = Dark;
				IPHONEOS_DEPLOYMENT_TARGET = 17.0;
				LD_RUNPATH_SEARCH_PATHS = (
					"$(inherited)",
					"@executable_path/Frameworks",
				);
				MARKETING_VERSION = 1.0;
				PRODUCT_BUNDLE_IDENTIFIER = com.ikeru.app;
				PRODUCT_NAME = "$(TARGET_NAME)";
				SWIFT_EMIT_LOC_STRINGS = YES;
				SWIFT_VERSION = 6.0;
				TARGETED_DEVICE_FAMILY = "1";
			};
			name = Release;
		};
		/* Debug - IkeruWatch */
		X10000010000000000000003 /* Debug */ = {
			isa = XCBuildConfiguration;
			buildSettings = {
				CODE_SIGN_STYLE = Automatic;
				CURRENT_PROJECT_VERSION = 1;
				GENERATE_INFOPLIST_FILE = YES;
				INFOPLIST_KEY_WKCompanionAppBundleIdentifier = com.ikeru.app;
				MARKETING_VERSION = 1.0;
				PRODUCT_BUNDLE_IDENTIFIER = com.ikeru.app.watch;
				PRODUCT_NAME = "$(TARGET_NAME)";
				SDKROOT = watchos;
				SWIFT_EMIT_LOC_STRINGS = YES;
				SWIFT_VERSION = 6.0;
				WATCHOS_DEPLOYMENT_TARGET = 10.0;
			};
			name = Debug;
		};
		/* Release - IkeruWatch */
		X10000010000000000000004 /* Release */ = {
			isa = XCBuildConfiguration;
			buildSettings = {
				CODE_SIGN_STYLE = Automatic;
				CURRENT_PROJECT_VERSION = 1;
				GENERATE_INFOPLIST_FILE = YES;
				INFOPLIST_KEY_WKCompanionAppBundleIdentifier = com.ikeru.app;
				MARKETING_VERSION = 1.0;
				PRODUCT_BUNDLE_IDENTIFIER = com.ikeru.app.watch;
				PRODUCT_NAME = "$(TARGET_NAME)";
				SDKROOT = watchos;
				SWIFT_EMIT_LOC_STRINGS = YES;
				SWIFT_VERSION = 6.0;
				WATCHOS_DEPLOYMENT_TARGET = 10.0;
			};
			name = Release;
		};
		/* Debug - IkeruWidget */
		X10000010000000000000005 /* Debug */ = {
			isa = XCBuildConfiguration;
			buildSettings = {
				CODE_SIGN_ENTITLEMENTS = IkeruWidget/IkeruWidget.entitlements;
				CODE_SIGN_STYLE = Automatic;
				CURRENT_PROJECT_VERSION = 1;
				GENERATE_INFOPLIST_FILE = YES;
				INFOPLIST_KEY_CFBundleDisplayName = IkeruWidget;
				INFOPLIST_KEY_NSHumanReadableCopyright = "";
				IPHONEOS_DEPLOYMENT_TARGET = 17.0;
				LD_RUNPATH_SEARCH_PATHS = (
					"$(inherited)",
					"@executable_path/Frameworks",
					"@executable_path/../../Frameworks",
				);
				MARKETING_VERSION = 1.0;
				PRODUCT_BUNDLE_IDENTIFIER = com.ikeru.app.widget;
				PRODUCT_NAME = "$(TARGET_NAME)";
				SWIFT_EMIT_LOC_STRINGS = YES;
				SWIFT_VERSION = 6.0;
				TARGETED_DEVICE_FAMILY = "1";
			};
			name = Debug;
		};
		/* Release - IkeruWidget */
		X10000010000000000000006 /* Release */ = {
			isa = XCBuildConfiguration;
			buildSettings = {
				CODE_SIGN_ENTITLEMENTS = IkeruWidget/IkeruWidget.entitlements;
				CODE_SIGN_STYLE = Automatic;
				CURRENT_PROJECT_VERSION = 1;
				GENERATE_INFOPLIST_FILE = YES;
				INFOPLIST_KEY_CFBundleDisplayName = IkeruWidget;
				INFOPLIST_KEY_NSHumanReadableCopyright = "";
				IPHONEOS_DEPLOYMENT_TARGET = 17.0;
				LD_RUNPATH_SEARCH_PATHS = (
					"$(inherited)",
					"@executable_path/Frameworks",
					"@executable_path/../../Frameworks",
				);
				MARKETING_VERSION = 1.0;
				PRODUCT_BUNDLE_IDENTIFIER = com.ikeru.app.widget;
				PRODUCT_NAME = "$(TARGET_NAME)";
				SWIFT_EMIT_LOC_STRINGS = YES;
				SWIFT_VERSION = 6.0;
				TARGETED_DEVICE_FAMILY = "1";
			};
			name = Release;
		};
		/* Debug - IkeruTests */
		X10000010000000000000009 /* Debug */ = {
			isa = XCBuildConfiguration;
			buildSettings = {
				BUNDLE_LOADER = "$(TEST_HOST)";
				CODE_SIGN_STYLE = Automatic;
				CURRENT_PROJECT_VERSION = 1;
				GENERATE_INFOPLIST_FILE = YES;
				IPHONEOS_DEPLOYMENT_TARGET = 17.0;
				MARKETING_VERSION = 1.0;
				PRODUCT_BUNDLE_IDENTIFIER = com.ikeru.app.tests;
				PRODUCT_NAME = "$(TARGET_NAME)";
				SWIFT_EMIT_LOC_STRINGS = NO;
				SWIFT_VERSION = 6.0;
				TARGETED_DEVICE_FAMILY = "1";
				TEST_HOST = "$(BUILT_PRODUCTS_DIR)/Ikeru.app/$(BUNDLE_EXECUTABLE_FOLDER_PATH)/Ikeru";
			};
			name = Debug;
		};
		/* Release - IkeruTests */
		X10000010000000000000010 /* Release */ = {
			isa = XCBuildConfiguration;
			buildSettings = {
				BUNDLE_LOADER = "$(TEST_HOST)";
				CODE_SIGN_STYLE = Automatic;
				CURRENT_PROJECT_VERSION = 1;
				GENERATE_INFOPLIST_FILE = YES;
				IPHONEOS_DEPLOYMENT_TARGET = 17.0;
				MARKETING_VERSION = 1.0;
				PRODUCT_BUNDLE_IDENTIFIER = com.ikeru.app.tests;
				PRODUCT_NAME = "$(TARGET_NAME)";
				SWIFT_EMIT_LOC_STRINGS = NO;
				SWIFT_VERSION = 6.0;
				TARGETED_DEVICE_FAMILY = "1";
				TEST_HOST = "$(BUILT_PRODUCTS_DIR)/Ikeru.app/$(BUNDLE_EXECUTABLE_FOLDER_PATH)/Ikeru";
			};
			name = Release;
		};
		/* Debug - Project */
		X10000010000000000000007 /* Debug */ = {
			isa = XCBuildConfiguration;
			buildSettings = {
				ALWAYS_SEARCH_USER_PATHS = NO;
				ASSETCATALOG_COMPILER_GENERATE_SWIFT_ASSET_SYMBOL_EXTENSIONS = YES;
				CLANG_ANALYZER_NONNULL = YES;
				CLANG_ANALYZER_NUMBER_OBJECT_CONVERSION = YES_AGGRESSIVE;
				CLANG_CXX_LANGUAGE_STANDARD = "gnu++20";
				CLANG_ENABLE_MODULES = YES;
				CLANG_ENABLE_OBJC_ARC = YES;
				CLANG_ENABLE_OBJC_WEAK = YES;
				CLANG_WARN_BLOCK_CAPTURE_AUTORELEASING = YES;
				CLANG_WARN_BOOL_CONVERSION = YES;
				CLANG_WARN_COMMA = YES;
				CLANG_WARN_CONSTANT_CONVERSION = YES;
				CLANG_WARN_DEPRECATED_OBJC_IMPLEMENTATIONS = YES;
				CLANG_WARN_DIRECT_OBJC_ISA_USAGE = YES_ERROR;
				CLANG_WARN_DOCUMENTATION_COMMENTS = YES;
				CLANG_WARN_EMPTY_BODY = YES;
				CLANG_WARN_ENUM_CONVERSION = YES;
				CLANG_WARN_INFINITE_RECURSION = YES;
				CLANG_WARN_INT_CONVERSION = YES;
				CLANG_WARN_NON_LITERAL_NULL_CONVERSION = YES;
				CLANG_WARN_OBJC_IMPLICIT_RETAIN_SELF = YES;
				CLANG_WARN_OBJC_LITERAL_CONVERSION = YES;
				CLANG_WARN_OBJC_ROOT_CLASS = YES_ERROR;
				CLANG_WARN_QUOTED_INCLUDE_IN_FRAMEWORK_HEADER = YES;
				CLANG_WARN_RANGE_LOOP_ANALYSIS = YES;
				CLANG_WARN_STRICT_PROTOTYPES = YES;
				CLANG_WARN_SUSPICIOUS_MOVE = YES;
				CLANG_WARN_UNGUARDED_AVAILABILITY = YES_AGGRESSIVE;
				CLANG_WARN_UNREACHABLE_CODE = YES;
				CLANG_WARN__DUPLICATE_METHOD_MATCH = YES;
				COPY_PHASE_STRIP = NO;
				DEBUG_INFORMATION_FORMAT = dwarf;
				ENABLE_STRICT_OBJC_MSGSEND = YES;
				ENABLE_TESTABILITY = YES;
				ENABLE_USER_SCRIPT_SANDBOXING = YES;
				GCC_C_LANGUAGE_STANDARD = gnu17;
				GCC_DYNAMIC_NO_PIC = NO;
				GCC_NO_COMMON_BLOCKS = YES;
				GCC_OPTIMIZATION_LEVEL = 0;
				GCC_PREPROCESSOR_DEFINITIONS = (
					"DEBUG=1",
					"$(inherited)",
				);
				GCC_WARN_64_TO_32_BIT_CONVERSION = YES;
				GCC_WARN_ABOUT_RETURN_TYPE = YES_ERROR;
				GCC_WARN_UNDECLARED_SELECTOR = YES;
				GCC_WARN_UNINITIALIZED_AUTOS = YES_AGGRESSIVE;
				GCC_WARN_UNUSED_FUNCTION = YES;
				GCC_WARN_UNUSED_VARIABLE = YES;
				IPHONEOS_DEPLOYMENT_TARGET = 17.0;
				LOCALIZATION_PREFERS_STRING_CATALOGS = YES;
				MTL_ENABLE_DEBUG_INFO = INCLUDE_SOURCE;
				MTL_FAST_MATH = YES;
				ONLY_ACTIVE_ARCH = YES;
				SDKROOT = iphoneos;
				SWIFT_ACTIVE_COMPILATION_CONDITIONS = "DEBUG $(inherited)";
				SWIFT_OPTIMIZATION_LEVEL = "-Onone";
				SWIFT_STRICT_CONCURRENCY = complete;
				SWIFT_VERSION = 6.0;
			};
			name = Debug;
		};
		/* Release - Project */
		X10000010000000000000008 /* Release */ = {
			isa = XCBuildConfiguration;
			buildSettings = {
				ALWAYS_SEARCH_USER_PATHS = NO;
				ASSETCATALOG_COMPILER_GENERATE_SWIFT_ASSET_SYMBOL_EXTENSIONS = YES;
				CLANG_ANALYZER_NONNULL = YES;
				CLANG_ANALYZER_NUMBER_OBJECT_CONVERSION = YES_AGGRESSIVE;
				CLANG_CXX_LANGUAGE_STANDARD = "gnu++20";
				CLANG_ENABLE_MODULES = YES;
				CLANG_ENABLE_OBJC_ARC = YES;
				CLANG_ENABLE_OBJC_WEAK = YES;
				CLANG_WARN_BLOCK_CAPTURE_AUTORELEASING = YES;
				CLANG_WARN_BOOL_CONVERSION = YES;
				CLANG_WARN_COMMA = YES;
				CLANG_WARN_CONSTANT_CONVERSION = YES;
				CLANG_WARN_DEPRECATED_OBJC_IMPLEMENTATIONS = YES;
				CLANG_WARN_DIRECT_OBJC_ISA_USAGE = YES_ERROR;
				CLANG_WARN_DOCUMENTATION_COMMENTS = YES;
				CLANG_WARN_EMPTY_BODY = YES;
				CLANG_WARN_ENUM_CONVERSION = YES;
				CLANG_WARN_INFINITE_RECURSION = YES;
				CLANG_WARN_INT_CONVERSION = YES;
				CLANG_WARN_NON_LITERAL_NULL_CONVERSION = YES;
				CLANG_WARN_OBJC_IMPLICIT_RETAIN_SELF = YES;
				CLANG_WARN_OBJC_LITERAL_CONVERSION = YES;
				CLANG_WARN_OBJC_ROOT_CLASS = YES_ERROR;
				CLANG_WARN_QUOTED_INCLUDE_IN_FRAMEWORK_HEADER = YES;
				CLANG_WARN_RANGE_LOOP_ANALYSIS = YES;
				CLANG_WARN_STRICT_PROTOTYPES = YES;
				CLANG_WARN_SUSPICIOUS_MOVE = YES;
				CLANG_WARN_UNGUARDED_AVAILABILITY = YES_AGGRESSIVE;
				CLANG_WARN_UNREACHABLE_CODE = YES;
				CLANG_WARN__DUPLICATE_METHOD_MATCH = YES;
				COPY_PHASE_STRIP = NO;
				DEBUG_INFORMATION_FORMAT = "dwarf-with-dsym";
				ENABLE_NS_ASSERTIONS = NO;
				ENABLE_STRICT_OBJC_MSGSEND = YES;
				ENABLE_USER_SCRIPT_SANDBOXING = YES;
				GCC_C_LANGUAGE_STANDARD = gnu17;
				GCC_NO_COMMON_BLOCKS = YES;
				GCC_WARN_64_TO_32_BIT_CONVERSION = YES;
				GCC_WARN_ABOUT_RETURN_TYPE = YES_ERROR;
				GCC_WARN_UNDECLARED_SELECTOR = YES;
				GCC_WARN_UNINITIALIZED_AUTOS = YES_AGGRESSIVE;
				GCC_WARN_UNUSED_FUNCTION = YES;
				GCC_WARN_UNUSED_VARIABLE = YES;
				IPHONEOS_DEPLOYMENT_TARGET = 17.0;
				LOCALIZATION_PREFERS_STRING_CATALOGS = YES;
				MTL_ENABLE_DEBUG_INFO = NO;
				MTL_FAST_MATH = YES;
				SDKROOT = iphoneos;
				SWIFT_COMPILATION_MODE = wholemodule;
				SWIFT_STRICT_CONCURRENCY = complete;
				SWIFT_VERSION = 6.0;
				VALIDATE_PRODUCT = YES;
			};
			name = Release;
		};
/* End XCBuildConfiguration section */

/* Begin XCConfigurationList section */
		BC0000010000000000000001 /* Build configuration list for PBXNativeTarget "Ikeru" */ = {
			isa = XCConfigurationList;
			buildConfigurations = (
				X10000010000000000000001 /* Debug */,
				X10000010000000000000002 /* Release */,
			);
			defaultConfigurationIsVisible = 0;
			defaultConfigurationName = Release;
		};
		BC0000010000000000000002 /* Build configuration list for PBXNativeTarget "IkeruWatch" */ = {
			isa = XCConfigurationList;
			buildConfigurations = (
				X10000010000000000000003 /* Debug */,
				X10000010000000000000004 /* Release */,
			);
			defaultConfigurationIsVisible = 0;
			defaultConfigurationName = Release;
		};
		BC0000010000000000000003 /* Build configuration list for PBXNativeTarget "IkeruWidget" */ = {
			isa = XCConfigurationList;
			buildConfigurations = (
				X10000010000000000000005 /* Debug */,
				X10000010000000000000006 /* Release */,
			);
			defaultConfigurationIsVisible = 0;
			defaultConfigurationName = Release;
		};
		BC0000010000000000000004 /* Build configuration list for PBXProject "Ikeru" */ = {
			isa = XCConfigurationList;
			buildConfigurations = (
				X10000010000000000000007 /* Debug */,
				X10000010000000000000008 /* Release */,
			);
			defaultConfigurationIsVisible = 0;
			defaultConfigurationName = Release;
		};
		BC0000010000000000000005 /* Build configuration list for PBXNativeTarget "IkeruTests" */ = {
			isa = XCConfigurationList;
			buildConfigurations = (
				X10000010000000000000009 /* Debug */,
				X10000010000000000000010 /* Release */,
			);
			defaultConfigurationIsVisible = 0;
			defaultConfigurationName = Release;
		};
/* End XCConfigurationList section */

/* Begin XCLocalSwiftPackageReference section */
		PR0000010000000000000001 /* XCLocalSwiftPackageReference "IkeruCore" */ = {
			isa = XCLocalSwiftPackageReference;
			relativePath = IkeruCore;
		};
/* End XCLocalSwiftPackageReference section */

/* Begin XCSwiftPackageProductDependency section */
		A20000010000000000000001 /* IkeruCore */ = {
			isa = XCSwiftPackageProductDependency;
			productName = IkeruCore;
		};
		A20000010000000000000002 /* IkeruCore */ = {
			isa = XCSwiftPackageProductDependency;
			productName = IkeruCore;
		};
		A20000010000000000000003 /* IkeruCore */ = {
			isa = XCSwiftPackageProductDependency;
			productName = IkeruCore;
		};
/* End XCSwiftPackageProductDependency section */
	};
	rootObject = E10000010000000000000001 /* Project object */;
}
